
Microsoft Visual Studio Solution File, Format Version 12.00
# Visual Studio Version 16
VisualStudioVersion = 16.0.31729.503
MinimumVisualStudioVersion = 10.0.40219.1
Project("{FAE04EC0-301F-11D3-BF4B-00C04F79EFBC}") = "PC212545_ZC121553", "PC212545_ZC121553\PC212545_ZC121553.csproj", "{719613FB-B33C-402D-864E-A180AB571BD0}"
EndProject
Global
	GlobalSection(SolutionConfigurationPlatforms) = preSolution
		Debug|Any CPU = Debug|Any CPU
		Release|Any CPU = Release|Any CPU
	EndGlobalSection
	GlobalSection(ProjectConfigurationPlatforms) = postSolution
		{719613FB-B33C-402D-864E-A180AB571BD0}.Debug|Any CPU.ActiveCfg = Debug|Any CPU
		{719613FB-B33C-402D-864E-A180AB571BD0}.Debug|Any CPU.Build.0 = Debug|Any CPU
		{719613FB-B33C-402D-864E-A180AB571BD0}.Release|Any CPU.ActiveCfg = Release|Any CPU
		{719613FB-B33C-402D-864E-A180AB571BD0}.Release|Any CPU.Build.0 = Release|Any CPU
	EndGlobalSection
	GlobalSection(SolutionProperties) = preSolution
		HideSolutionNode = FALSE
	EndGlobalSection
	GlobalSection(ExtensibilityGlobals) = postSolution
		SolutionGuid = {ADFBBC7F-3167-465F-9499-991EF728685B}
	EndGlobalSection
EndGlobal
